
Microsoft Visual Studio Solution File, Format Version 12.00
# Visual Studio Version 17
VisualStudioVersion = 17.9.34622.214
MinimumVisualStudioVersion = 10.0.40219.1
Project("{FAE04EC0-301F-11D3-BF4B-00C04F79EFBC}") = "BradesAppTest", "BradesAppTest\BradesAppTest.csproj", "{1F05EA60-5A6C-4AC6-9BB2-3F2DCF8B6F26}"
EndProject
Global
	GlobalSection(SolutionConfigurationPlatforms) = preSolution
		Debug|Any CPU = Debug|Any CPU
		Release|Any CPU = Release|Any CPU
	EndGlobalSection
	GlobalSection(ProjectConfigurationPlatforms) = postSolution
		{1F05EA60-5A6C-4AC6-9BB2-3F2DCF8B6F26}.Debug|Any CPU.ActiveCfg = Debug|Any CPU
		{1F05EA60-5A6C-4AC6-9BB2-3F2DCF8B6F26}.Debug|Any CPU.Build.0 = Debug|Any CPU
		{1F05EA60-5A6C-4AC6-9BB2-3F2DCF8B6F26}.Release|Any CPU.ActiveCfg = Release|Any CPU
		{1F05EA60-5A6C-4AC6-9BB2-3F2DCF8B6F26}.Release|Any CPU.Build.0 = Release|Any CPU
	EndGlobalSection
	GlobalSection(SolutionProperties) = preSolution
		HideSolutionNode = FALSE
	EndGlobalSection
	GlobalSection(ExtensibilityGlobals) = postSolution
		SolutionGuid = {9350AAC7-7384-4DB0-B3C5-9778B3F72FEE}
	EndGlobalSection
EndGlobal
